
Microsoft Visual Studio Solution File, Format Version 12.00
# Visual Studio 2015
Project("{FAE04EC0-301F-11D3-BF4B-00C04F79EFBC}") = "PerHaps High Noon.CSharp.Plugins", "PerHaps High Noon.CSharp.Plugins.csproj", "{BA202468-B1BD-2610-546A-717D98166E18}"
EndProject
Project("{FAE04EC0-301F-11D3-BF4B-00C04F79EFBC}") = "PerHaps High Noon.CSharp", "PerHaps High Noon.CSharp.csproj", "{F96977E3-665B-5E8B-A3CB-3CEEA96C0F1C}"
EndProject
Project("{FAE04EC0-301F-11D3-BF4B-00C04F79EFBC}") = "PerHaps High Noon.CSharp.Editor", "PerHaps High Noon.CSharp.Editor.csproj", "{B4943D3E-C05B-835D-3538-C4DDC9397A80}"
EndProject
Global
	GlobalSection(SolutionConfigurationPlatforms) = preSolution
		Debug|Any CPU = Debug|Any CPU
		Release|Any CPU = Release|Any CPU
	EndGlobalSection
	GlobalSection(ProjectConfigurationPlatforms) = postSolution
		{BA202468-B1BD-2610-546A-717D98166E18}.Debug|Any CPU.ActiveCfg = Debug|Any CPU
		{BA202468-B1BD-2610-546A-717D98166E18}.Debug|Any CPU.Build.0 = Debug|Any CPU
		{BA202468-B1BD-2610-546A-717D98166E18}.Release|Any CPU.ActiveCfg = Release|Any CPU
		{BA202468-B1BD-2610-546A-717D98166E18}.Release|Any CPU.Build.0 = Release|Any CPU
		{F96977E3-665B-5E8B-A3CB-3CEEA96C0F1C}.Debug|Any CPU.ActiveCfg = Debug|Any CPU
		{F96977E3-665B-5E8B-A3CB-3CEEA96C0F1C}.Debug|Any CPU.Build.0 = Debug|Any CPU
		{F96977E3-665B-5E8B-A3CB-3CEEA96C0F1C}.Release|Any CPU.ActiveCfg = Release|Any CPU
		{F96977E3-665B-5E8B-A3CB-3CEEA96C0F1C}.Release|Any CPU.Build.0 = Release|Any CPU
		{B4943D3E-C05B-835D-3538-C4DDC9397A80}.Debug|Any CPU.ActiveCfg = Debug|Any CPU
		{B4943D3E-C05B-835D-3538-C4DDC9397A80}.Debug|Any CPU.Build.0 = Debug|Any CPU
		{B4943D3E-C05B-835D-3538-C4DDC9397A80}.Release|Any CPU.ActiveCfg = Release|Any CPU
		{B4943D3E-C05B-835D-3538-C4DDC9397A80}.Release|Any CPU.Build.0 = Release|Any CPU
	EndGlobalSection
	GlobalSection(SolutionProperties) = preSolution
		HideSolutionNode = FALSE
	EndGlobalSection
EndGlobal
